// !$*UTF8*$!
{
	archiveVersion = 1;
	classes = {
	};
	objectVersion = 46;
	objects = {

/* Begin PBXBuildFile section */
		1732B2A71E47CA4E00803B03 /* AppDelegate.swift in Sources */ = {isa = PBXBuildFile; fileRef = 1732B2A61E47CA4E00803B03 /* AppDelegate.swift */; };
		1732B2A91E47CA4E00803B03 /* Shader.fsh in Resources */ = {isa = PBXBuildFile; fileRef = 1732B2A81E47CA4E00803B03 /* Shader.fsh */; };
		1732B2AB1E47CA4E00803B03 /* Shader.vsh in Resources */ = {isa = PBXBuildFile; fileRef = 1732B2AA1E47CA4E00803B03 /* Shader.vsh */; };
		1732B2AD1E47CA4E00803B03 /* GameViewController.swift in Sources */ = {isa = PBXBuildFile; fileRef = 1732B2AC1E47CA4E00803B03 /* GameViewController.swift */; };
		1732B2B01E47CA4E00803B03 /* Main.storyboard in Resources */ = {isa = PBXBuildFile; fileRef = 1732B2AE1E47CA4E00803B03 /* Main.storyboard */; };
		1732B2B21E47CA4E00803B03 /* Assets.xcassets in Resources */ = {isa = PBXBuildFile; fileRef = 1732B2B11E47CA4E00803B03 /* Assets.xcassets */; };
		1732B2B51E47CA4E00803B03 /* LaunchScreen.storyboard in Resources */ = {isa = PBXBuildFile; fileRef = 1732B2B31E47CA4E00803B03 /* LaunchScreen.storyboard */; };
/* End PBXBuildFile section */

/* Begin PBXFileReference section */
		1732B2A31E47CA4E00803B03 /* HelloOpenGL_ES.app */ = {isa = PBXFileReference; explicitFileType = wrapper.application; includeInIndex = 0; path = HelloOpenGL_ES.app; sourceTree = BUILT_PRODUCTS_DIR; };
		1732B2A61E47CA4E00803B03 /* AppDelegate.swift */ = {isa = PBXFileReference; lastKnownFileType = sourcecode.swift; path = AppDelegate.swift; sourceTree = "<group>"; };
		1732B2A81E47CA4E00803B03 /* Shader.fsh */ = {isa = PBXFileReference; lastKnownFileType = sourcecode.glsl; name = Shader.fsh; path = Shaders/Shader.fsh; sourceTree = "<group>"; };
		1732B2AA1E47CA4E00803B03 /* Shader.vsh */ = {isa = PBXFileReference; lastKnownFileType = sourcecode.glsl; name = Shader.vsh; path = Shaders/Shader.vsh; sourceTree = "<group>"; };
		1732B2AC1E47CA4E00803B03 /* GameViewController.swift */ = {isa = PBXFileReference; lastKnownFileType = sourcecode.swift; path = GameViewController.swift; sourceTree = "<group>"; };
		1732B2AF1E47CA4E00803B03 /* Base */ = {isa = PBXFileReference; lastKnownFileType = file.storyboard; name = Base; path = Base.lproj/Main.storyboard; sourceTree = "<group>"; };
		1732B2B11E47CA4E00803B03 /* Assets.xcassets */ = {isa = PBXFileReference; lastKnownFileType = folder.assetcatalog; path = Assets.xcassets; sourceTree = "<group>"; };
		1732B2B41E47CA4E00803B03 /* Base */ = {isa = PBXFileReference; lastKnownFileType = file.storyboard; name = Base; path = Base.lproj/LaunchScreen.storyboard; sourceTree = "<group>"; };
		1732B2B61E47CA4E00803B03 /* Info.plist */ = {isa = PBXFileReference; lastKnownFileType = text.plist.xml; path = Info.plist; sourceTree = "<group>"; };
/* End PBXFileReference section */

/* Begin PBXFrameworksBuildPhase section */
		1732B2A01E47CA4E00803B03 /* Frameworks */ = {
			isa = PBXFrameworksBuildPhase;
			buildActionMask = 2147483647;
			files = (
			);
			runOnlyForDeploymentPostprocessing = 0;
		};
/* End PBXFrameworksBuildPhase section */

/* Begin PBXGroup section */
		1732B29A1E47CA4E00803B03 = {
			isa = PBXGroup;
			children = (
				1732B2A51E47CA4E00803B03 /* HelloOpenGL_ES */,
				1732B2A41E47CA4E00803B03 /* Products */,
			);
			sourceTree = "<group>";
		};
		1732B2A41E47CA4E00803B03 /* Products */ = {
			isa = PBXGroup;
			children = (
				1732B2A31E47CA4E00803B03 /* HelloOpenGL_ES.app */,
			);
			name = Products;
			sourceTree = "<group>";
		};
		1732B2A51E47CA4E00803B03 /* HelloOpenGL_ES */ = {
			isa = PBXGroup;
			children = (
				1732B2A61E47CA4E00803B03 /* AppDelegate.swift */,
				1732B2A81E47CA4E00803B03 /* Shader.fsh */,
				1732B2AA1E47CA4E00803B03 /* Shader.vsh */,
				1732B2AC1E47CA4E00803B03 /* GameViewController.swift */,
				1732B2AE1E47CA4E00803B03 /* Main.storyboard */,
				1732B2B11E47CA4E00803B03 /* Assets.xcassets */,
				1732B2B31E47CA4E00803B03 /* LaunchScreen.storyboard */,
				1732B2B61E47CA4E00803B03 /* Info.plist */,
			);
			path = HelloOpenGL_ES;
			sourceTree = "<group>";
		};
/* End PBXGroup section */

/* Begin PBXNativeTarget section */
		1732B2A21E47CA4E00803B03 /* HelloOpenGL_ES */ = {
			isa = PBXNativeTarget;
			buildConfigurationList = 1732B2B91E47CA4E00803B03 /* Build configuration list for PBXNativeTarget "HelloOpenGL_ES" */;
			buildPhases = (
				1732B29F1E47CA4E00803B03 /* Sources */,
				1732B2A01E47CA4E00803B03 /* Frameworks */,
				1732B2A11E47CA4E00803B03 /* Resources */,
			);
			buildRules = (
			);
			dependencies = (
			);
			name = HelloOpenGL_ES;
			productName = HelloOpenGL_ES;
			productReference = 1732B2A31E47CA4E00803B03 /* HelloOpenGL_ES.app */;
			productType = "com.apple.product-type.application";
		};
/* End PBXNativeTarget section */

/* Begin PBXProject section */
		1732B29B1E47CA4E00803B03 /* Project object */ = {
			isa = PBXProject;
			attributes = {
				LastSwiftUpdateCheck = 0820;
				LastUpgradeCheck = 0820;
				ORGANIZATIONNAME = "B581 Spring 2017";
				TargetAttributes = {
					1732B2A21E47CA4E00803B03 = {
						CreatedOnToolsVersion = 8.2.1;
						ProvisioningStyle = Automatic;
					};
				};
			};
			buildConfigurationList = 1732B29E1E47CA4E00803B03 /* Build configuration list for PBXProject "HelloOpenGL_ES" */;
			compatibilityVersion = "Xcode 3.2";
			developmentRegion = English;
			hasScannedForEncodings = 0;
			knownRegions = (
				en,
				Base,
			);
			mainGroup = 1732B29A1E47CA4E00803B03;
			productRefGroup = 1732B2A41E47CA4E00803B03 /* Products */;
			projectDirPath = "";
			projectRoot = "";
			targets = (
				1732B2A21E47CA4E00803B03 /* HelloOpenGL_ES */,
			);
		};
/* End PBXProject section */

/* Begin PBXResourcesBuildPhase section */
		1732B2A11E47CA4E00803B03 /* Resources */ = {
			isa = PBXResourcesBuildPhase;
			buildActionMask = 2147483647;
			files = (
				1732B2B01E47CA4E00803B03 /* Main.storyboard in Resources */,
				1732B2AB1E47CA4E00803B03 /* Shader.vsh in Resources */,
				1732B2B21E47CA4E00803B03 /* Assets.xcassets in Resources */,
				1732B2B51E47CA4E00803B03 /* LaunchScreen.storyboard in Resources */,
				1732B2A91E47CA4E00803B03 /* Shader.fsh in Resources */,
			);
			runOnlyForDeploymentPostprocessing = 0;
		};
/* End PBXResourcesBuildPhase section */

/* Begin PBXSourcesBuildPhase section */
		1732B29F1E47CA4E00803B03 /* Sources */ = {
			isa = PBXSourcesBuildPhase;
			buildActionMask = 2147483647;
			files = (
				1732B2AD1E47CA4E00803B03 /* GameViewController.swift in Sources */,
				1732B2A71E47CA4E00803B03 /* AppDelegate.swift in Sources */,
			);
			runOnlyForDeploymentPostprocessing = 0;
		};
/* End PBXSourcesBuildPhase section */

/* Begin PBXVariantGroup section */
		1732B2AE1E47CA4E00803B03 /* Main.storyboard */ = {
			isa = PBXVariantGroup;
			children = (
				1732B2AF1E47CA4E00803B03 /* Base */,
			);
			name = Main.storyboard;
			sourceTree = "<group>";
		};
		1732B2B31E47CA4E00803B03 /* LaunchScreen.storyboard */ = {
			isa = PBXVariantGroup;
			children = (
				1732B2B41E47CA4E00803B03 /* Base */,
			);
			name = LaunchScreen.storyboard;
			sourceTree = "<group>";
		};
/* End PBXVariantGroup section */

/* Begin XCBuildConfiguration section */
		1732B2B71E47CA4E00803B03 /* Debug */ = {
			isa = XCBuildConfiguration;
			buildSettings = {
				ALWAYS_SEARCH_USER_PATHS = NO;
				CLANG_ANALYZER_NONNULL = YES;
				CLANG_CXX_LANGUAGE_STANDARD = "gnu++0x";
				CLANG_CXX_LIBRARY = "libc++";
				CLANG_ENABLE_MODULES = YES;
				CLANG_ENABLE_OBJC_ARC = YES;
				CLANG_WARN_BOOL_CONVERSION = YES;
				CLANG_WARN_CONSTANT_CONVERSION = YES;
				CLANG_WARN_DIRECT_OBJC_ISA_USAGE = YES_ERROR;
				CLANG_WARN_DOCUMENTATION_COMMENTS = YES;
				CLANG_WARN_EMPTY_BODY = YES;
				CLANG_WARN_ENUM_CONVERSION = YES;
				CLANG_WARN_INFINITE_RECURSION = YES;
				CLANG_WARN_INT_CONVERSION = YES;
				CLANG_WARN_OBJC_ROOT_CLASS = YES_ERROR;
				CLANG_WARN_SUSPICIOUS_MOVE = YES;
				CLANG_WARN_UNREACHABLE_CODE = YES;
				CLANG_WARN__DUPLICATE_METHOD_MATCH = YES;
				"CODE_SIGN_IDENTITY[sdk=iphoneos*]" = "iPhone Developer";
				COPY_PHASE_STRIP = NO;
				DEBUG_INFORMATION_FORMAT = dwarf;
				ENABLE_STRICT_OBJC_MSGSEND = YES;
				ENABLE_TESTABILITY = YES;
				GCC_C_LANGUAGE_STANDARD = gnu99;
				GCC_DYNAMIC_NO_PIC = NO;
				GCC_NO_COMMON_BLOCKS = YES;
				GCC_OPTIMIZATION_LEVEL = 0;
				GCC_PREPROCESSOR_DEFINITIONS = (
					"DEBUG=1",
					"$(inherited)",
				);
				GCC_WARN_64_TO_32_BIT_CONVERSION = YES;
				GCC_WARN_ABOUT_RETURN_TYPE = YES_ERROR;
				GCC_WARN_UNDECLARED_SELECTOR = YES;
				GCC_WARN_UNINITIALIZED_AUTOS = YES_AGGRESSIVE;
				GCC_WARN_UNUSED_FUNCTION = YES;
				GCC_WARN_UNUSED_VARIABLE = YES;
				IPHONEOS_DEPLOYMENT_TARGET = 10.2;
				MTL_ENABLE_DEBUG_INFO = YES;
				ONLY_ACTIVE_ARCH = YES;
				SDKROOT = iphoneos;
				SWIFT_ACTIVE_COMPILATION_CONDITIONS = DEBUG;
				SWIFT_OPTIMIZATION_LEVEL = "-Onone";
				TARGETED_DEVICE_FAMILY = "1,2";
			};
			name = Debug;
		};
		1732B2B81E47CA4E00803B03 /* Release */ = {
			isa = XCBuildConfiguration;
			buildSettings = {
				ALWAYS_SEARCH_USER_PATHS = NO;
				CLANG_ANALYZER_NONNULL = YES;
				CLANG_CXX_LANGUAGE_STANDARD = "gnu++0x";
				CLANG_CXX_LIBRARY = "libc++";
				CLANG_ENABLE_MODULES = YES;
				CLANG_ENABLE_OBJC_ARC = YES;
				CLANG_WARN_BOOL_CONVERSION = YES;
				CLANG_WARN_CONSTANT_CONVERSION = YES;
				CLANG_WARN_DIRECT_OBJC_ISA_USAGE = YES_ERROR;
				CLANG_WARN_DOCUMENTATION_COMMENTS = YES;
				CLANG_WARN_EMPTY_BODY = YES;
				CLANG_WARN_ENUM_CONVERSION = YES;
				CLANG_WARN_INFINITE_RECURSION = YES;
				CLANG_WARN_INT_CONVERSION = YES;
				CLANG_WARN_OBJC_ROOT_CLASS = YES_ERROR;
				CLANG_WARN_SUSPICIOUS_MOVE = YES;
				CLANG_WARN_UNREACHABLE_CODE = YES;
				CLANG_WARN__DUPLICATE_METHOD_MATCH = YES;
				"CODE_SIGN_IDENTITY[sdk=iphoneos*]" = "iPhone Developer";
				COPY_PHASE_STRIP = NO;
				DEBUG_INFORMATION_FORMAT = "dwarf-with-dsym";
				ENABLE_NS_ASSERTIONS = NO;
				ENABLE_STRICT_OBJC_MSGSEND = YES;
				GCC_C_LANGUAGE_STANDARD = gnu99;
				GCC_NO_COMMON_BLOCKS = YES;
				GCC_WARN_64_TO_32_BIT_CONVERSION = YES;
				GCC_WARN_ABOUT_RETURN_TYPE = YES_ERROR;
				GCC_WARN_UNDECLARED_SELECTOR = YES;
				GCC_WARN_UNINITIALIZED_AUTOS = YES_AGGRESSIVE;
				GCC_WARN_UNUSED_FUNCTION = YES;
				GCC_WARN_UNUSED_VARIABLE = YES;
				IPHONEOS_DEPLOYMENT_TARGET = 10.2;
				MTL_ENABLE_DEBUG_INFO = NO;
				SDKROOT = iphoneos;
				SWIFT_OPTIMIZATION_LEVEL = "-Owholemodule";
				TARGETED_DEVICE_FAMILY = "1,2";
				VALIDATE_PRODUCT = YES;
			};
			name = Release;
		};
		1732B2BA1E47CA4E00803B03 /* Debug */ = {
			isa = XCBuildConfiguration;
			buildSettings = {
				ASSETCATALOG_COMPILER_APPICON_NAME = AppIcon;
				INFOPLIST_FILE = HelloOpenGL_ES/Info.plist;
				LD_RUNPATH_SEARCH_PATHS = "$(inherited) @executable_path/Frameworks";
				PRODUCT_BUNDLE_IDENTIFIER = "edu.indiana.cs.b581.HelloOpenGL-ES";
				PRODUCT_NAME = "$(TARGET_NAME)";
				SWIFT_VERSION = 3.0;
			};
			name = Debug;
		};
		1732B2BB1E47CA4E00803B03 /* Release */ = {
			isa = XCBuildConfiguration;
			buildSettings = {
				ASSETCATALOG_COMPILER_APPICON_NAME = AppIcon;
				INFOPLIST_FILE = HelloOpenGL_ES/Info.plist;
				LD_RUNPATH_SEARCH_PATHS = "$(inherited) @executable_path/Frameworks";
				PRODUCT_BUNDLE_IDENTIFIER = "edu.indiana.cs.b581.HelloOpenGL-ES";
				PRODUCT_NAME = "$(TARGET_NAME)";
				SWIFT_VERSION = 3.0;
			};
			name = Release;
		};
/* End XCBuildConfiguration section */

/* Begin XCConfigurationList section */
		1732B29E1E47CA4E00803B03 /* Build configuration list for PBXProject "HelloOpenGL_ES" */ = {
			isa = XCConfigurationList;
			buildConfigurations = (
				1732B2B71E47CA4E00803B03 /* Debug */,
				1732B2B81E47CA4E00803B03 /* Release */,
			);
			defaultConfigurationIsVisible = 0;
			defaultConfigurationName = Release;
		};
		1732B2B91E47CA4E00803B03 /* Build configuration list for PBXNativeTarget "HelloOpenGL_ES" */ = {
			isa = XCConfigurationList;
			buildConfigurations = (
				1732B2BA1E47CA4E00803B03 /* Debug */,
				1732B2BB1E47CA4E00803B03 /* Release */,
			);
			defaultConfigurationIsVisible = 0;
		};
/* End XCConfigurationList section */
	};
	rootObject = 1732B29B1E47CA4E00803B03 /* Project object */;
}
